
Microsoft Visual Studio Solution File, Format Version 12.00
# Visual Studio Version 17
VisualStudioVersion = 17.9.34616.47
MinimumVisualStudioVersion = 10.0.40219.1
Project("{FAE04EC0-301F-11D3-BF4B-00C04F79EFBC}") = "RockPaperScissors", "RockPaperScissors.csproj", "{CE8A638D-CF24-43A7-9048-A6E572949DA3}"
EndProject
Global
	GlobalSection(SolutionConfigurationPlatforms) = preSolution
		Debug|Any CPU = Debug|Any CPU
		Release|Any CPU = Release|Any CPU
	EndGlobalSection
	GlobalSection(ProjectConfigurationPlatforms) = postSolution
		{CE8A638D-CF24-43A7-9048-A6E572949DA3}.Debug|Any CPU.ActiveCfg = Debug|Any CPU
		{CE8A638D-CF24-43A7-9048-A6E572949DA3}.Debug|Any CPU.Build.0 = Debug|Any CPU
		{CE8A638D-CF24-43A7-9048-A6E572949DA3}.Release|Any CPU.ActiveCfg = Release|Any CPU
		{CE8A638D-CF24-43A7-9048-A6E572949DA3}.Release|Any CPU.Build.0 = Release|Any CPU
	EndGlobalSection
	GlobalSection(SolutionProperties) = preSolution
		HideSolutionNode = FALSE
	EndGlobalSection
	GlobalSection(ExtensibilityGlobals) = postSolution
		SolutionGuid = {BE228736-A9B6-4213-A637-301888CDDA7C}
	EndGlobalSection
EndGlobal
